
Microsoft Visual Studio Solution File, Format Version 12.00
# Visual Studio Version 17
VisualStudioVersion = 17.12.35707.178 d17.12
MinimumVisualStudioVersion = 10.0.40219.1
Project("{FAE04EC0-301F-11D3-BF4B-00C04F79EFBC}") = "exam1", "exam1.csproj", "{A6253EFF-58D2-4E39-86CE-0A273A879085}"
EndProject
Project("{FAE04EC0-301F-11D3-BF4B-00C04F79EFBC}") = "exam1.Entities", "..\exam1.Entities\exam1.Entities.csproj", "{4209D544-5DCD-4B5C-BD8B-A72C7801604C}"
EndProject
Global
	GlobalSection(SolutionConfigurationPlatforms) = preSolution
		Debug|Any CPU = Debug|Any CPU
		Release|Any CPU = Release|Any CPU
	EndGlobalSection
	GlobalSection(ProjectConfigurationPlatforms) = postSolution
		{A6253EFF-58D2-4E39-86CE-0A273A879085}.Debug|Any CPU.ActiveCfg = Debug|Any CPU
		{A6253EFF-58D2-4E39-86CE-0A273A879085}.Debug|Any CPU.Build.0 = Debug|Any CPU
		{A6253EFF-58D2-4E39-86CE-0A273A879085}.Release|Any CPU.ActiveCfg = Release|Any CPU
		{A6253EFF-58D2-4E39-86CE-0A273A879085}.Release|Any CPU.Build.0 = Release|Any CPU
		{4209D544-5DCD-4B5C-BD8B-A72C7801604C}.Debug|Any CPU.ActiveCfg = Debug|Any CPU
		{4209D544-5DCD-4B5C-BD8B-A72C7801604C}.Debug|Any CPU.Build.0 = Debug|Any CPU
		{4209D544-5DCD-4B5C-BD8B-A72C7801604C}.Release|Any CPU.ActiveCfg = Release|Any CPU
		{4209D544-5DCD-4B5C-BD8B-A72C7801604C}.Release|Any CPU.Build.0 = Release|Any CPU
	EndGlobalSection
	GlobalSection(SolutionProperties) = preSolution
		HideSolutionNode = FALSE
	EndGlobalSection
EndGlobal
